
Microsoft Visual Studio Solution File, Format Version 12.00
# Visual Studio Version 17
VisualStudioVersion = 17.11.34929.205
MinimumVisualStudioVersion = 10.0.40219.1
Project("{9A19103F-16F7-4668-BE54-9A1E7A4F7556}") = "FusionGateway", "FusionGateway\FusionGateway.csproj", "{DC580AB1-479E-4046-B07F-D442CEC3D8DF}"
EndProject
Project("{9A19103F-16F7-4668-BE54-9A1E7A4F7556}") = "PackSubgraph", "PackSubgraph\PackSubgraph.csproj", "{35F11E74-2926-41AE-8AFF-44FBA4428ACD}"
EndProject
Project("{9A19103F-16F7-4668-BE54-9A1E7A4F7556}") = "ProductSubgraph", "ProductSubgraph\ProductSubgraph.csproj", "{AE62BDCE-9EA1-4C13-A9A2-54B73F354AEB}"
EndProject
Global
	GlobalSection(SolutionConfigurationPlatforms) = preSolution
		Debug|Any CPU = Debug|Any CPU
		Release|Any CPU = Release|Any CPU
	EndGlobalSection
	GlobalSection(ProjectConfigurationPlatforms) = postSolution
		{DC580AB1-479E-4046-B07F-D442CEC3D8DF}.Debug|Any CPU.ActiveCfg = Debug|Any CPU
		{DC580AB1-479E-4046-B07F-D442CEC3D8DF}.Debug|Any CPU.Build.0 = Debug|Any CPU
		{DC580AB1-479E-4046-B07F-D442CEC3D8DF}.Release|Any CPU.ActiveCfg = Release|Any CPU
		{DC580AB1-479E-4046-B07F-D442CEC3D8DF}.Release|Any CPU.Build.0 = Release|Any CPU
		{35F11E74-2926-41AE-8AFF-44FBA4428ACD}.Debug|Any CPU.ActiveCfg = Debug|Any CPU
		{35F11E74-2926-41AE-8AFF-44FBA4428ACD}.Debug|Any CPU.Build.0 = Debug|Any CPU
		{35F11E74-2926-41AE-8AFF-44FBA4428ACD}.Release|Any CPU.ActiveCfg = Release|Any CPU
		{35F11E74-2926-41AE-8AFF-44FBA4428ACD}.Release|Any CPU.Build.0 = Release|Any CPU
		{AE62BDCE-9EA1-4C13-A9A2-54B73F354AEB}.Debug|Any CPU.ActiveCfg = Debug|Any CPU
		{AE62BDCE-9EA1-4C13-A9A2-54B73F354AEB}.Debug|Any CPU.Build.0 = Debug|Any CPU
		{AE62BDCE-9EA1-4C13-A9A2-54B73F354AEB}.Release|Any CPU.ActiveCfg = Release|Any CPU
		{AE62BDCE-9EA1-4C13-A9A2-54B73F354AEB}.Release|Any CPU.Build.0 = Release|Any CPU
	EndGlobalSection
	GlobalSection(SolutionProperties) = preSolution
		HideSolutionNode = FALSE
	EndGlobalSection
	GlobalSection(ExtensibilityGlobals) = postSolution
		SolutionGuid = {2D9A1720-0A58-4C67-8B41-556151DE5ABF}
	EndGlobalSection
EndGlobal
